// !$*UTF8*$!
{
	archiveVersion = 1;
	classes = {
	};
	objectVersion = 46;
	objects = {

/* Begin PBXBuildFile section */
		39D415EA1A26624300C57E0B /* main.m in Sources */ = {isa = PBXBuildFile; fileRef = 39D415E91A26624300C57E0B /* main.m */; };
		39D415ED1A26624300C57E0B /* AppDelegate.m in Sources */ = {isa = PBXBuildFile; fileRef = 39D415EC1A26624300C57E0B /* AppDelegate.m */; };
		39D415F01A26624300C57E0B /* FirstViewController.m in Sources */ = {isa = PBXBuildFile; fileRef = 39D415EF1A26624300C57E0B /* FirstViewController.m */; };
		39D415F31A26624300C57E0B /* SecondViewController.m in Sources */ = {isa = PBXBuildFile; fileRef = 39D415F21A26624300C57E0B /* SecondViewController.m */; };
		39D415F61A26624300C57E0B /* Main.storyboard in Resources */ = {isa = PBXBuildFile; fileRef = 39D415F41A26624300C57E0B /* Main.storyboard */; };
		39D415F81A26624300C57E0B /* Images.xcassets in Resources */ = {isa = PBXBuildFile; fileRef = 39D415F71A26624300C57E0B /* Images.xcassets */; };
		39D415FB1A26624300C57E0B /* LaunchScreen.xib in Resources */ = {isa = PBXBuildFile; fileRef = 39D415F91A26624300C57E0B /* LaunchScreen.xib */; };
		39D416071A26624300C57E0B /* cocoaheadstouchidTests.m in Sources */ = {isa = PBXBuildFile; fileRef = 39D416061A26624300C57E0B /* cocoaheadstouchidTests.m */; };
		39D416111A26627A00C57E0B /* LocalAuthentication.framework in Frameworks */ = {isa = PBXBuildFile; fileRef = 39D416101A26627A00C57E0B /* LocalAuthentication.framework */; };
		39D416141A267F4500C57E0B /* LoginViewController.m in Sources */ = {isa = PBXBuildFile; fileRef = 39D416131A267F4500C57E0B /* LoginViewController.m */; };
/* End PBXBuildFile section */

/* Begin PBXContainerItemProxy section */
		39D416011A26624300C57E0B /* PBXContainerItemProxy */ = {
			isa = PBXContainerItemProxy;
			containerPortal = 39D415DC1A26624300C57E0B /* Project object */;
			proxyType = 1;
			remoteGlobalIDString = 39D415E31A26624300C57E0B;
			remoteInfo = cocoaheadstouchid;
		};
/* End PBXContainerItemProxy section */

/* Begin PBXFileReference section */
		39D415E41A26624300C57E0B /* cocoaheadstouchid.app */ = {isa = PBXFileReference; explicitFileType = wrapper.application; includeInIndex = 0; path = cocoaheadstouchid.app; sourceTree = BUILT_PRODUCTS_DIR; };
		39D415E81A26624300C57E0B /* Info.plist */ = {isa = PBXFileReference; lastKnownFileType = text.plist.xml; path = Info.plist; sourceTree = "<group>"; };
		39D415E91A26624300C57E0B /* main.m */ = {isa = PBXFileReference; lastKnownFileType = sourcecode.c.objc; path = main.m; sourceTree = "<group>"; };
		39D415EB1A26624300C57E0B /* AppDelegate.h */ = {isa = PBXFileReference; lastKnownFileType = sourcecode.c.h; path = AppDelegate.h; sourceTree = "<group>"; };
		39D415EC1A26624300C57E0B /* AppDelegate.m */ = {isa = PBXFileReference; lastKnownFileType = sourcecode.c.objc; path = AppDelegate.m; sourceTree = "<group>"; };
		39D415EE1A26624300C57E0B /* FirstViewController.h */ = {isa = PBXFileReference; lastKnownFileType = sourcecode.c.h; path = FirstViewController.h; sourceTree = "<group>"; };
		39D415EF1A26624300C57E0B /* FirstViewController.m */ = {isa = PBXFileReference; lastKnownFileType = sourcecode.c.objc; path = FirstViewController.m; sourceTree = "<group>"; };
		39D415F11A26624300C57E0B /* SecondViewController.h */ = {isa = PBXFileReference; lastKnownFileType = sourcecode.c.h; path = SecondViewController.h; sourceTree = "<group>"; };
		39D415F21A26624300C57E0B /* SecondViewController.m */ = {isa = PBXFileReference; lastKnownFileType = sourcecode.c.objc; path = SecondViewController.m; sourceTree = "<group>"; };
		39D415F51A26624300C57E0B /* Base */ = {isa = PBXFileReference; lastKnownFileType = file.storyboard; name = Base; path = Base.lproj/Main.storyboard; sourceTree = "<group>"; };
		39D415F71A26624300C57E0B /* Images.xcassets */ = {isa = PBXFileReference; lastKnownFileType = folder.assetcatalog; path = Images.xcassets; sourceTree = "<group>"; };
		39D415FA1A26624300C57E0B /* Base */ = {isa = PBXFileReference; lastKnownFileType = file.xib; name = Base; path = Base.lproj/LaunchScreen.xib; sourceTree = "<group>"; };
		39D416001A26624300C57E0B /* cocoaheadstouchidTests.xctest */ = {isa = PBXFileReference; explicitFileType = wrapper.cfbundle; includeInIndex = 0; path = cocoaheadstouchidTests.xctest; sourceTree = BUILT_PRODUCTS_DIR; };
		39D416051A26624300C57E0B /* Info.plist */ = {isa = PBXFileReference; lastKnownFileType = text.plist.xml; path = Info.plist; sourceTree = "<group>"; };
		39D416061A26624300C57E0B /* cocoaheadstouchidTests.m */ = {isa = PBXFileReference; lastKnownFileType = sourcecode.c.objc; path = cocoaheadstouchidTests.m; sourceTree = "<group>"; };
		39D416101A26627A00C57E0B /* LocalAuthentication.framework */ = {isa = PBXFileReference; lastKnownFileType = wrapper.framework; name = LocalAuthentication.framework; path = System/Library/Frameworks/LocalAuthentication.framework; sourceTree = SDKROOT; };
		39D416121A267F4500C57E0B /* LoginViewController.h */ = {isa = PBXFileReference; fileEncoding = 4; lastKnownFileType = sourcecode.c.h; path = LoginViewController.h; sourceTree = "<group>"; };
		39D416131A267F4500C57E0B /* LoginViewController.m */ = {isa = PBXFileReference; fileEncoding = 4; lastKnownFileType = sourcecode.c.objc; path = LoginViewController.m; sourceTree = "<group>"; };
/* End PBXFileReference section */

/* Begin PBXFrameworksBuildPhase section */
		39D415E11A26624300C57E0B /* Frameworks */ = {
			isa = PBXFrameworksBuildPhase;
			buildActionMask = 2147483647;
			files = (
				39D416111A26627A00C57E0B /* LocalAuthentication.framework in Frameworks */,
			);
			runOnlyForDeploymentPostprocessing = 0;
		};
		39D415FD1A26624300C57E0B /* Frameworks */ = {
			isa = PBXFrameworksBuildPhase;
			buildActionMask = 2147483647;
			files = (
			);
			runOnlyForDeploymentPostprocessing = 0;
		};
/* End PBXFrameworksBuildPhase section */

/* Begin PBXGroup section */
		39D415DB1A26624300C57E0B = {
			isa = PBXGroup;
			children = (
				39D415E61A26624300C57E0B /* cocoaheadstouchid */,
				39D416031A26624300C57E0B /* cocoaheadstouchidTests */,
				39D415E51A26624300C57E0B /* Products */,
			);
			sourceTree = "<group>";
		};
		39D415E51A26624300C57E0B /* Products */ = {
			isa = PBXGroup;
			children = (
				39D415E41A26624300C57E0B /* cocoaheadstouchid.app */,
				39D416001A26624300C57E0B /* cocoaheadstouchidTests.xctest */,
			);
			name = Products;
			sourceTree = "<group>";
		};
		39D415E61A26624300C57E0B /* cocoaheadstouchid */ = {
			isa = PBXGroup;
			children = (
				39D415F41A26624300C57E0B /* Main.storyboard */,
				39D415EB1A26624300C57E0B /* AppDelegate.h */,
				39D415EC1A26624300C57E0B /* AppDelegate.m */,
				39D415EE1A26624300C57E0B /* FirstViewController.h */,
				39D415EF1A26624300C57E0B /* FirstViewController.m */,
				39D415F11A26624300C57E0B /* SecondViewController.h */,
				39D415F21A26624300C57E0B /* SecondViewController.m */,
				39D416121A267F4500C57E0B /* LoginViewController.h */,
				39D416131A267F4500C57E0B /* LoginViewController.m */,
				39D415E71A26624300C57E0B /* Supporting Files */,
			);
			path = cocoaheadstouchid;
			sourceTree = "<group>";
		};
		39D415E71A26624300C57E0B /* Supporting Files */ = {
			isa = PBXGroup;
			children = (
				39D415F71A26624300C57E0B /* Images.xcassets */,
				39D415F91A26624300C57E0B /* LaunchScreen.xib */,
				39D416101A26627A00C57E0B /* LocalAuthentication.framework */,
				39D415E81A26624300C57E0B /* Info.plist */,
				39D415E91A26624300C57E0B /* main.m */,
			);
			name = "Supporting Files";
			sourceTree = "<group>";
		};
		39D416031A26624300C57E0B /* cocoaheadstouchidTests */ = {
			isa = PBXGroup;
			children = (
				39D416061A26624300C57E0B /* cocoaheadstouchidTests.m */,
				39D416041A26624300C57E0B /* Supporting Files */,
			);
			path = cocoaheadstouchidTests;
			sourceTree = "<group>";
		};
		39D416041A26624300C57E0B /* Supporting Files */ = {
			isa = PBXGroup;
			children = (
				39D416051A26624300C57E0B /* Info.plist */,
			);
			name = "Supporting Files";
			sourceTree = "<group>";
		};
/* End PBXGroup section */

/* Begin PBXNativeTarget section */
		39D415E31A26624300C57E0B /* cocoaheadstouchid */ = {
			isa = PBXNativeTarget;
			buildConfigurationList = 39D4160A1A26624300C57E0B /* Build configuration list for PBXNativeTarget "cocoaheadstouchid" */;
			buildPhases = (
				39D415E01A26624300C57E0B /* Sources */,
				39D415E11A26624300C57E0B /* Frameworks */,
				39D415E21A26624300C57E0B /* Resources */,
			);
			buildRules = (
			);
			dependencies = (
			);
			name = cocoaheadstouchid;
			productName = cocoaheadstouchid;
			productReference = 39D415E41A26624300C57E0B /* cocoaheadstouchid.app */;
			productType = "com.apple.product-type.application";
		};
		39D415FF1A26624300C57E0B /* cocoaheadstouchidTests */ = {
			isa = PBXNativeTarget;
			buildConfigurationList = 39D4160D1A26624300C57E0B /* Build configuration list for PBXNativeTarget "cocoaheadstouchidTests" */;
			buildPhases = (
				39D415FC1A26624300C57E0B /* Sources */,
				39D415FD1A26624300C57E0B /* Frameworks */,
				39D415FE1A26624300C57E0B /* Resources */,
			);
			buildRules = (
			);
			dependencies = (
				39D416021A26624300C57E0B /* PBXTargetDependency */,
			);
			name = cocoaheadstouchidTests;
			productName = cocoaheadstouchidTests;
			productReference = 39D416001A26624300C57E0B /* cocoaheadstouchidTests.xctest */;
			productType = "com.apple.product-type.bundle.unit-test";
		};
/* End PBXNativeTarget section */

/* Begin PBXProject section */
		39D415DC1A26624300C57E0B /* Project object */ = {
			isa = PBXProject;
			attributes = {
				LastUpgradeCheck = 0610;
				ORGANIZATIONNAME = "Construtor Sistemas";
				TargetAttributes = {
					39D415E31A26624300C57E0B = {
						CreatedOnToolsVersion = 6.1;
					};
					39D415FF1A26624300C57E0B = {
						CreatedOnToolsVersion = 6.1;
						TestTargetID = 39D415E31A26624300C57E0B;
					};
				};
			};
			buildConfigurationList = 39D415DF1A26624300C57E0B /* Build configuration list for PBXProject "cocoaheadstouchid" */;
			compatibilityVersion = "Xcode 3.2";
			developmentRegion = English;
			hasScannedForEncodings = 0;
			knownRegions = (
				en,
				Base,
			);
			mainGroup = 39D415DB1A26624300C57E0B;
			productRefGroup = 39D415E51A26624300C57E0B /* Products */;
			projectDirPath = "";
			projectRoot = "";
			targets = (
				39D415E31A26624300C57E0B /* cocoaheadstouchid */,
				39D415FF1A26624300C57E0B /* cocoaheadstouchidTests */,
			);
		};
/* End PBXProject section */

/* Begin PBXResourcesBuildPhase section */
		39D415E21A26624300C57E0B /* Resources */ = {
			isa = PBXResourcesBuildPhase;
			buildActionMask = 2147483647;
			files = (
				39D415F61A26624300C57E0B /* Main.storyboard in Resources */,
				39D415FB1A26624300C57E0B /* LaunchScreen.xib in Resources */,
				39D415F81A26624300C57E0B /* Images.xcassets in Resources */,
			);
			runOnlyForDeploymentPostprocessing = 0;
		};
		39D415FE1A26624300C57E0B /* Resources */ = {
			isa = PBXResourcesBuildPhase;
			buildActionMask = 2147483647;
			files = (
			);
			runOnlyForDeploymentPostprocessing = 0;
		};
/* End PBXResourcesBuildPhase section */

/* Begin PBXSourcesBuildPhase section */
		39D415E01A26624300C57E0B /* Sources */ = {
			isa = PBXSourcesBuildPhase;
			buildActionMask = 2147483647;
			files = (
				39D415F31A26624300C57E0B /* SecondViewController.m in Sources */,
				39D415ED1A26624300C57E0B /* AppDelegate.m in Sources */,
				39D415F01A26624300C57E0B /* FirstViewController.m in Sources */,
				39D415EA1A26624300C57E0B /* main.m in Sources */,
				39D416141A267F4500C57E0B /* LoginViewController.m in Sources */,
			);
			runOnlyForDeploymentPostprocessing = 0;
		};
		39D415FC1A26624300C57E0B /* Sources */ = {
			isa = PBXSourcesBuildPhase;
			buildActionMask = 2147483647;
			files = (
				39D416071A26624300C57E0B /* cocoaheadstouchidTests.m in Sources */,
			);
			runOnlyForDeploymentPostprocessing = 0;
		};
/* End PBXSourcesBuildPhase section */

/* Begin PBXTargetDependency section */
		39D416021A26624300C57E0B /* PBXTargetDependency */ = {
			isa = PBXTargetDependency;
			target = 39D415E31A26624300C57E0B /* cocoaheadstouchid */;
			targetProxy = 39D416011A26624300C57E0B /* PBXContainerItemProxy */;
		};
/* End PBXTargetDependency section */

/* Begin PBXVariantGroup section */
		39D415F41A26624300C57E0B /* Main.storyboard */ = {
			isa = PBXVariantGroup;
			children = (
				39D415F51A26624300C57E0B /* Base */,
			);
			name = Main.storyboard;
			sourceTree = "<group>";
		};
		39D415F91A26624300C57E0B /* LaunchScreen.xib */ = {
			isa = PBXVariantGroup;
			children = (
				39D415FA1A26624300C57E0B /* Base */,
			);
			name = LaunchScreen.xib;
			sourceTree = "<group>";
		};
/* End PBXVariantGroup section */

/* Begin XCBuildConfiguration section */
		39D416081A26624300C57E0B /* Debug */ = {
			isa = XCBuildConfiguration;
			buildSettings = {
				ALWAYS_SEARCH_USER_PATHS = NO;
				CLANG_CXX_LANGUAGE_STANDARD = "gnu++0x";
				CLANG_CXX_LIBRARY = "libc++";
				CLANG_ENABLE_MODULES = YES;
				CLANG_ENABLE_OBJC_ARC = YES;
				CLANG_WARN_BOOL_CONVERSION = YES;
				CLANG_WARN_CONSTANT_CONVERSION = YES;
				CLANG_WARN_DIRECT_OBJC_ISA_USAGE = YES_ERROR;
				CLANG_WARN_EMPTY_BODY = YES;
				CLANG_WARN_ENUM_CONVERSION = YES;
				CLANG_WARN_INT_CONVERSION = YES;
				CLANG_WARN_OBJC_ROOT_CLASS = YES_ERROR;
				CLANG_WARN_UNREACHABLE_CODE = YES;
				CLANG_WARN__DUPLICATE_METHOD_MATCH = YES;
				"CODE_SIGN_IDENTITY[sdk=iphoneos*]" = "iPhone Developer";
				COPY_PHASE_STRIP = NO;
				ENABLE_STRICT_OBJC_MSGSEND = YES;
				GCC_C_LANGUAGE_STANDARD = gnu99;
				GCC_DYNAMIC_NO_PIC = NO;
				GCC_OPTIMIZATION_LEVEL = 0;
				GCC_PREPROCESSOR_DEFINITIONS = (
					"DEBUG=1",
					"$(inherited)",
				);
				GCC_SYMBOLS_PRIVATE_EXTERN = NO;
				GCC_WARN_64_TO_32_BIT_CONVERSION = YES;
				GCC_WARN_ABOUT_RETURN_TYPE = YES_ERROR;
				GCC_WARN_UNDECLARED_SELECTOR = YES;
				GCC_WARN_UNINITIALIZED_AUTOS = YES_AGGRESSIVE;
				GCC_WARN_UNUSED_FUNCTION = YES;
				GCC_WARN_UNUSED_VARIABLE = YES;
				IPHONEOS_DEPLOYMENT_TARGET = 8.1;
				MTL_ENABLE_DEBUG_INFO = YES;
				ONLY_ACTIVE_ARCH = YES;
				SDKROOT = iphoneos;
			};
			name = Debug;
		};
		39D416091A26624300C57E0B /* Release */ = {
			isa = XCBuildConfiguration;
			buildSettings = {
				ALWAYS_SEARCH_USER_PATHS = NO;
				CLANG_CXX_LANGUAGE_STANDARD = "gnu++0x";
				CLANG_CXX_LIBRARY = "libc++";
				CLANG_ENABLE_MODULES = YES;
				CLANG_ENABLE_OBJC_ARC = YES;
				CLANG_WARN_BOOL_CONVERSION = YES;
				CLANG_WARN_CONSTANT_CONVERSION = YES;
				CLANG_WARN_DIRECT_OBJC_ISA_USAGE = YES_ERROR;
				CLANG_WARN_EMPTY_BODY = YES;
				CLANG_WARN_ENUM_CONVERSION = YES;
				CLANG_WARN_INT_CONVERSION = YES;
				CLANG_WARN_OBJC_ROOT_CLASS = YES_ERROR;
				CLANG_WARN_UNREACHABLE_CODE = YES;
				CLANG_WARN__DUPLICATE_METHOD_MATCH = YES;
				"CODE_SIGN_IDENTITY[sdk=iphoneos*]" = "iPhone Developer";
				COPY_PHASE_STRIP = YES;
				ENABLE_NS_ASSERTIONS = NO;
				ENABLE_STRICT_OBJC_MSGSEND = YES;
				GCC_C_LANGUAGE_STANDARD = gnu99;
				GCC_WARN_64_TO_32_BIT_CONVERSION = YES;
				GCC_WARN_ABOUT_RETURN_TYPE = YES_ERROR;
				GCC_WARN_UNDECLARED_SELECTOR = YES;
				GCC_WARN_UNINITIALIZED_AUTOS = YES_AGGRESSIVE;
				GCC_WARN_UNUSED_FUNCTION = YES;
				GCC_WARN_UNUSED_VARIABLE = YES;
				IPHONEOS_DEPLOYMENT_TARGET = 8.1;
				MTL_ENABLE_DEBUG_INFO = NO;
				SDKROOT = iphoneos;
				VALIDATE_PRODUCT = YES;
			};
			name = Release;
		};
		39D4160B1A26624300C57E0B /* Debug */ = {
			isa = XCBuildConfiguration;
			buildSettings = {
				ASSETCATALOG_COMPILER_APPICON_NAME = AppIcon;
				INFOPLIST_FILE = cocoaheadstouchid/Info.plist;
				LD_RUNPATH_SEARCH_PATHS = "$(inherited) @executable_path/Frameworks";
				PRODUCT_NAME = "$(TARGET_NAME)";
			};
			name = Debug;
		};
		39D4160C1A26624300C57E0B /* Release */ = {
			isa = XCBuildConfiguration;
			buildSettings = {
				ASSETCATALOG_COMPILER_APPICON_NAME = AppIcon;
				INFOPLIST_FILE = cocoaheadstouchid/Info.plist;
				LD_RUNPATH_SEARCH_PATHS = "$(inherited) @executable_path/Frameworks";
				PRODUCT_NAME = "$(TARGET_NAME)";
			};
			name = Release;
		};
		39D4160E1A26624300C57E0B /* Debug */ = {
			isa = XCBuildConfiguration;
			buildSettings = {
				BUNDLE_LOADER = "$(TEST_HOST)";
				FRAMEWORK_SEARCH_PATHS = (
					"$(SDKROOT)/Developer/Library/Frameworks",
					"$(inherited)",
				);
				GCC_PREPROCESSOR_DEFINITIONS = (
					"DEBUG=1",
					"$(inherited)",
				);
				INFOPLIST_FILE = cocoaheadstouchidTests/Info.plist;
				LD_RUNPATH_SEARCH_PATHS = "$(inherited) @executable_path/Frameworks @loader_path/Frameworks";
				PRODUCT_NAME = "$(TARGET_NAME)";
				TEST_HOST = "$(BUILT_PRODUCTS_DIR)/cocoaheadstouchid.app/cocoaheadstouchid";
			};
			name = Debug;
		};
		39D4160F1A26624300C57E0B /* Release */ = {
			isa = XCBuildConfiguration;
			buildSettings = {
				BUNDLE_LOADER = "$(TEST_HOST)";
				FRAMEWORK_SEARCH_PATHS = (
					"$(SDKROOT)/Developer/Library/Frameworks",
					"$(inherited)",
				);
				INFOPLIST_FILE = cocoaheadstouchidTests/Info.plist;
				LD_RUNPATH_SEARCH_PATHS = "$(inherited) @executable_path/Frameworks @loader_path/Frameworks";
				PRODUCT_NAME = "$(TARGET_NAME)";
				TEST_HOST = "$(BUILT_PRODUCTS_DIR)/cocoaheadstouchid.app/cocoaheadstouchid";
			};
			name = Release;
		};
/* End XCBuildConfiguration section */

/* Begin XCConfigurationList section */
		39D415DF1A26624300C57E0B /* Build configuration list for PBXProject "cocoaheadstouchid" */ = {
			isa = XCConfigurationList;
			buildConfigurations = (
				39D416081A26624300C57E0B /* Debug */,
				39D416091A26624300C57E0B /* Release */,
			);
			defaultConfigurationIsVisible = 0;
			defaultConfigurationName = Release;
		};
		39D4160A1A26624300C57E0B /* Build configuration list for PBXNativeTarget "cocoaheadstouchid" */ = {
			isa = XCConfigurationList;
			buildConfigurations = (
				39D4160B1A26624300C57E0B /* Debug */,
				39D4160C1A26624300C57E0B /* Release */,
			);
			defaultConfigurationIsVisible = 0;
		};
		39D4160D1A26624300C57E0B /* Build configuration list for PBXNativeTarget "cocoaheadstouchidTests" */ = {
			isa = XCConfigurationList;
			buildConfigurations = (
				39D4160E1A26624300C57E0B /* Debug */,
				39D4160F1A26624300C57E0B /* Release */,
			);
			defaultConfigurationIsVisible = 0;
		};
/* End XCConfigurationList section */
	};
	rootObject = 39D415DC1A26624300C57E0B /* Project object */;
}
